
Microsoft Visual Studio Solution File, Format Version 12.00
# Visual Studio 15
VisualStudioVersion = 15.0.28307.757
MinimumVisualStudioVersion = 10.0.40219.1
Project("{FAE04EC0-301F-11D3-BF4B-00C04F79EFBC}") = "Pingtest", "Pingtest\Pingtest.csproj", "{A9BFFFAA-88FF-4E8B-A706-7345CE863A9D}"
EndProject
Global
	GlobalSection(SolutionConfigurationPlatforms) = preSolution
		Debug|Any CPU = Debug|Any CPU
		Release|Any CPU = Release|Any CPU
	EndGlobalSection
	GlobalSection(ProjectConfigurationPlatforms) = postSolution
		{A9BFFFAA-88FF-4E8B-A706-7345CE863A9D}.Debug|Any CPU.ActiveCfg = Debug|Any CPU
		{A9BFFFAA-88FF-4E8B-A706-7345CE863A9D}.Debug|Any CPU.Build.0 = Debug|Any CPU
		{A9BFFFAA-88FF-4E8B-A706-7345CE863A9D}.Release|Any CPU.ActiveCfg = Release|Any CPU
		{A9BFFFAA-88FF-4E8B-A706-7345CE863A9D}.Release|Any CPU.Build.0 = Release|Any CPU
	EndGlobalSection
	GlobalSection(SolutionProperties) = preSolution
		HideSolutionNode = FALSE
	EndGlobalSection
	GlobalSection(ExtensibilityGlobals) = postSolution
		SolutionGuid = {A75D5747-6CB4-41EE-8D44-7A3B7EFADF1F}
	EndGlobalSection
EndGlobal
